
Microsoft Visual Studio Solution File, Format Version 12.00
# Visual Studio Version 17
VisualStudioVersion = 17.14.36109.1
MinimumVisualStudioVersion = 10.0.40219.1
Project("{FAE04EC0-301F-11D3-BF4B-00C04F79EFBC}") = "Entities", "Entities\Entities.csproj", "{5FC45D84-88B0-4616-8E0F-13EC44168CA3}"
EndProject
Project("{FAE04EC0-301F-11D3-BF4B-00C04F79EFBC}") = "DAL", "DAL\DAL.csproj", "{7032DE94-2EA5-476A-BAA1-BD48B65CAA25}"
EndProject
Project("{FAE04EC0-301F-11D3-BF4B-00C04F79EFBC}") = "BLL", "BLL\BLL.csproj", "{324A70AC-9E52-4F6C-8AC4-C38500D57DCE}"
EndProject
Project("{FAE04EC0-301F-11D3-BF4B-00C04F79EFBC}") = "GUI", "GUI\GUI.csproj", "{08B6ADC0-5416-4403-8E7B-EDF4298654DF}"
EndProject
Global
	GlobalSection(SolutionConfigurationPlatforms) = preSolution
		Debug|Any CPU = Debug|Any CPU
		Release|Any CPU = Release|Any CPU
	EndGlobalSection
	GlobalSection(ProjectConfigurationPlatforms) = postSolution
		{5FC45D84-88B0-4616-8E0F-13EC44168CA3}.Debug|Any CPU.ActiveCfg = Debug|Any CPU
		{5FC45D84-88B0-4616-8E0F-13EC44168CA3}.Debug|Any CPU.Build.0 = Debug|Any CPU
		{5FC45D84-88B0-4616-8E0F-13EC44168CA3}.Release|Any CPU.ActiveCfg = Release|Any CPU
		{5FC45D84-88B0-4616-8E0F-13EC44168CA3}.Release|Any CPU.Build.0 = Release|Any CPU
		{7032DE94-2EA5-476A-BAA1-BD48B65CAA25}.Debug|Any CPU.ActiveCfg = Debug|Any CPU
		{7032DE94-2EA5-476A-BAA1-BD48B65CAA25}.Debug|Any CPU.Build.0 = Debug|Any CPU
		{7032DE94-2EA5-476A-BAA1-BD48B65CAA25}.Release|Any CPU.ActiveCfg = Release|Any CPU
		{7032DE94-2EA5-476A-BAA1-BD48B65CAA25}.Release|Any CPU.Build.0 = Release|Any CPU
		{324A70AC-9E52-4F6C-8AC4-C38500D57DCE}.Debug|Any CPU.ActiveCfg = Debug|Any CPU
		{324A70AC-9E52-4F6C-8AC4-C38500D57DCE}.Debug|Any CPU.Build.0 = Debug|Any CPU
		{324A70AC-9E52-4F6C-8AC4-C38500D57DCE}.Release|Any CPU.ActiveCfg = Release|Any CPU
		{324A70AC-9E52-4F6C-8AC4-C38500D57DCE}.Release|Any CPU.Build.0 = Release|Any CPU
		{08B6ADC0-5416-4403-8E7B-EDF4298654DF}.Debug|Any CPU.ActiveCfg = Debug|Any CPU
		{08B6ADC0-5416-4403-8E7B-EDF4298654DF}.Debug|Any CPU.Build.0 = Debug|Any CPU
		{08B6ADC0-5416-4403-8E7B-EDF4298654DF}.Release|Any CPU.ActiveCfg = Release|Any CPU
		{08B6ADC0-5416-4403-8E7B-EDF4298654DF}.Release|Any CPU.Build.0 = Release|Any CPU
	EndGlobalSection
	GlobalSection(SolutionProperties) = preSolution
		HideSolutionNode = FALSE
	EndGlobalSection
	GlobalSection(ExtensibilityGlobals) = postSolution
		SolutionGuid = {316EB8A6-28E9-4AFD-A8EB-944B7D96A027}
	EndGlobalSection
EndGlobal
